
Microsoft Visual Studio Solution File, Format Version 12.00
# Visual Studio Version 17
VisualStudioVersion = 17.0.31717.71
MinimumVisualStudioVersion = 10.0.40219.1
Project("{9A19103F-16F7-4668-BE54-9A1E7A4F7556}") = "VolundrApp", "VolundrApp.csproj", "{EEE4CEC3-9F1E-4427-8135-DC975C045570}"
EndProject
Global
	GlobalSection(SolutionConfigurationPlatforms) = preSolution
		Debug|Any CPU = Debug|Any CPU
		Release|Any CPU = Release|Any CPU
	EndGlobalSection
	GlobalSection(ProjectConfigurationPlatforms) = postSolution
		{EEE4CEC3-9F1E-4427-8135-DC975C045570}.Debug|Any CPU.ActiveCfg = Debug|Any CPU
		{EEE4CEC3-9F1E-4427-8135-DC975C045570}.Debug|Any CPU.Build.0 = Debug|Any CPU
		{EEE4CEC3-9F1E-4427-8135-DC975C045570}.Release|Any CPU.ActiveCfg = Release|Any CPU
		{EEE4CEC3-9F1E-4427-8135-DC975C045570}.Release|Any CPU.Build.0 = Release|Any CPU
	EndGlobalSection
	GlobalSection(SolutionProperties) = preSolution
		HideSolutionNode = FALSE
	EndGlobalSection
	GlobalSection(ExtensibilityGlobals) = postSolution
		SolutionGuid = {10360F6D-E1CB-4254-80DE-EC61CA26E2F3}
	EndGlobalSection
EndGlobal